
Microsoft Visual Studio Solution File, Format Version 12.00
# Visual Studio Version 17
VisualStudioVersion = 17.3.32922.545
MinimumVisualStudioVersion = 10.0.40219.1
Project("{FAE04EC0-301F-11D3-BF4B-00C04F79EFBC}") = "Dz2", "Dz2\Dz2.csproj", "{D9682CEF-3C8C-498E-B42F-860561BED9E0}"
EndProject
Global
	GlobalSection(SolutionConfigurationPlatforms) = preSolution
		Debug|Any CPU = Debug|Any CPU
		Release|Any CPU = Release|Any CPU
	EndGlobalSection
	GlobalSection(ProjectConfigurationPlatforms) = postSolution
		{D9682CEF-3C8C-498E-B42F-860561BED9E0}.Debug|Any CPU.ActiveCfg = Debug|Any CPU
		{D9682CEF-3C8C-498E-B42F-860561BED9E0}.Debug|Any CPU.Build.0 = Debug|Any CPU
		{D9682CEF-3C8C-498E-B42F-860561BED9E0}.Release|Any CPU.ActiveCfg = Release|Any CPU
		{D9682CEF-3C8C-498E-B42F-860561BED9E0}.Release|Any CPU.Build.0 = Release|Any CPU
	EndGlobalSection
	GlobalSection(SolutionProperties) = preSolution
		HideSolutionNode = FALSE
	EndGlobalSection
	GlobalSection(ExtensibilityGlobals) = postSolution
		SolutionGuid = {7D2D0949-8945-4739-9719-61BCB6F54BA2}
	EndGlobalSection
EndGlobal
